
Microsoft Visual Studio Solution File, Format Version 12.00
# Visual Studio Version 16
VisualStudioVersion = 16.0.29403.142
MinimumVisualStudioVersion = 10.0.40219.1
Project("{9A19103F-16F7-4668-BE54-9A1E7A4F7556}") = "Hozaru.Web", "Hozaru.Web\Hozaru.Web.csproj", "{89B1B504-765E-49E5-9B80-65D9B157D0F7}"
EndProject
Project("{9A19103F-16F7-4668-BE54-9A1E7A4F7556}") = "Hozaru.Domain", "Hozaru.Domain\Hozaru.Domain.csproj", "{6E57F040-DF94-4595-9979-3BDA23558B45}"
EndProject
Project("{9A19103F-16F7-4668-BE54-9A1E7A4F7556}") = "Hozaru.ApplicationServices", "Hozaru.ApplicationServices\Hozaru.ApplicationServices.csproj", "{632C3D61-E836-4326-BC98-C089780F4B6C}"
EndProject
Project("{9A19103F-16F7-4668-BE54-9A1E7A4F7556}") = "Hozaru.Core", "Hozaru.Core\Hozaru.Core.csproj", "{92C82514-DE60-41FD-96F6-9A81AED0E95F}"
EndProject
Project("{9A19103F-16F7-4668-BE54-9A1E7A4F7556}") = "Hozaru.AutoMapper", "Hozaru.AutoMapper\Hozaru.AutoMapper.csproj", "{4DCB6B18-E90C-4EE4-AC7B-F3944F751287}"
EndProject
Project("{9A19103F-16F7-4668-BE54-9A1E7A4F7556}") = "Hozaru.Repositories.MockUp", "Hozaru.Repositories.MockUp\Hozaru.Repositories.MockUp.csproj", "{5E909F94-F111-4FD4-B132-6A4505F77776}"
EndProject
Project("{9A19103F-16F7-4668-BE54-9A1E7A4F7556}") = "Hozaru.Whatsapp", "Hozaru.Whatsapp\Hozaru.Whatsapp.csproj", "{534C8EFA-ABDC-4C3B-98EA-6E84AC38F458}"
EndProject
Project("{9A19103F-16F7-4668-BE54-9A1E7A4F7556}") = "Hozaru.NHibernate", "Hozaru.NHibernate\Hozaru.NHibernate.csproj", "{F0A74012-D54B-42AF-9835-81E6CC58B477}"
EndProject
Project("{9A19103F-16F7-4668-BE54-9A1E7A4F7556}") = "Hozaru.Persistences.NHibernate", "Hozaru.Persistences.NHibernate\Hozaru.Persistences.NHibernate.csproj", "{90D92A86-F9BA-4D0E-9561-24C0266BF827}"
EndProject
Project("{9A19103F-16F7-4668-BE54-9A1E7A4F7556}") = "Hozaru.Tenant.Web", "Hozaru.Tenant.Web\Hozaru.Tenant.Web.csproj", "{E4E846D9-C31E-46C1-AEB4-55BD4889477E}"
EndProject
Project("{9A19103F-16F7-4668-BE54-9A1E7A4F7556}") = "Hozaru.WebApi", "Hozaru.WebApi\Hozaru.WebApi.csproj", "{13506716-5283-47B5-A726-DCAA18BB089E}"
EndProject
Project("{2150E333-8FDC-42A3-9474-1A3956D46DE8}") = "Presentations", "Presentations", "{71FD19C3-18C2-4FA5-81C4-D0C6006CFEA2}"
EndProject
Project("{2150E333-8FDC-42A3-9474-1A3956D46DE8}") = "Applications", "Applications", "{5ECCF4EE-DC62-47DD-8390-7EBE820111D7}"
EndProject
Project("{2150E333-8FDC-42A3-9474-1A3956D46DE8}") = "Core", "Core", "{AD00D5D2-B0A7-4374-A9D1-471B68832442}"
EndProject
Project("{2150E333-8FDC-42A3-9474-1A3956D46DE8}") = "Domains", "Domains", "{22D6C39C-B5E1-4927-AA52-B4BB1176413B}"
EndProject
Project("{2150E333-8FDC-42A3-9474-1A3956D46DE8}") = "Infrastructures", "Infrastructures", "{CE6E2F3D-61CC-4916-B7EA-7EA284810A3F}"
EndProject
Project("{9A19103F-16F7-4668-BE54-9A1E7A4F7556}") = "Hozaru.Authentication", "Hozaru.Authentication\Hozaru.Authentication.csproj", "{888E727A-CD2C-4316-9556-9B9C8202F6B0}"
EndProject
Global
	GlobalSection(SolutionConfigurationPlatforms) = preSolution
		Debug|Any CPU = Debug|Any CPU
		Release|Any CPU = Release|Any CPU
	EndGlobalSection
	GlobalSection(ProjectConfigurationPlatforms) = postSolution
		{89B1B504-765E-49E5-9B80-65D9B157D0F7}.Debug|Any CPU.ActiveCfg = Debug|Any CPU
		{89B1B504-765E-49E5-9B80-65D9B157D0F7}.Debug|Any CPU.Build.0 = Debug|Any CPU
		{89B1B504-765E-49E5-9B80-65D9B157D0F7}.Release|Any CPU.ActiveCfg = Release|Any CPU
		{89B1B504-765E-49E5-9B80-65D9B157D0F7}.Release|Any CPU.Build.0 = Release|Any CPU
		{6E57F040-DF94-4595-9979-3BDA23558B45}.Debug|Any CPU.ActiveCfg = Debug|Any CPU
		{6E57F040-DF94-4595-9979-3BDA23558B45}.Debug|Any CPU.Build.0 = Debug|Any CPU
		{6E57F040-DF94-4595-9979-3BDA23558B45}.Release|Any CPU.ActiveCfg = Release|Any CPU
		{6E57F040-DF94-4595-9979-3BDA23558B45}.Release|Any CPU.Build.0 = Release|Any CPU
		{632C3D61-E836-4326-BC98-C089780F4B6C}.Debug|Any CPU.ActiveCfg = Debug|Any CPU
		{632C3D61-E836-4326-BC98-C089780F4B6C}.Debug|Any CPU.Build.0 = Debug|Any CPU
		{632C3D61-E836-4326-BC98-C089780F4B6C}.Release|Any CPU.ActiveCfg = Release|Any CPU
		{632C3D61-E836-4326-BC98-C089780F4B6C}.Release|Any CPU.Build.0 = Release|Any CPU
		{92C82514-DE60-41FD-96F6-9A81AED0E95F}.Debug|Any CPU.ActiveCfg = Debug|Any CPU
		{92C82514-DE60-41FD-96F6-9A81AED0E95F}.Debug|Any CPU.Build.0 = Debug|Any CPU
		{92C82514-DE60-41FD-96F6-9A81AED0E95F}.Release|Any CPU.ActiveCfg = Release|Any CPU
		{92C82514-DE60-41FD-96F6-9A81AED0E95F}.Release|Any CPU.Build.0 = Release|Any CPU
		{4DCB6B18-E90C-4EE4-AC7B-F3944F751287}.Debug|Any CPU.ActiveCfg = Debug|Any CPU
		{4DCB6B18-E90C-4EE4-AC7B-F3944F751287}.Debug|Any CPU.Build.0 = Debug|Any CPU
		{4DCB6B18-E90C-4EE4-AC7B-F3944F751287}.Release|Any CPU.ActiveCfg = Release|Any CPU
		{4DCB6B18-E90C-4EE4-AC7B-F3944F751287}.Release|Any CPU.Build.0 = Release|Any CPU
		{5E909F94-F111-4FD4-B132-6A4505F77776}.Debug|Any CPU.ActiveCfg = Debug|Any CPU
		{5E909F94-F111-4FD4-B132-6A4505F77776}.Debug|Any CPU.Build.0 = Debug|Any CPU
		{5E909F94-F111-4FD4-B132-6A4505F77776}.Release|Any CPU.ActiveCfg = Release|Any CPU
		{5E909F94-F111-4FD4-B132-6A4505F77776}.Release|Any CPU.Build.0 = Release|Any CPU
		{534C8EFA-ABDC-4C3B-98EA-6E84AC38F458}.Debug|Any CPU.ActiveCfg = Debug|Any CPU
		{534C8EFA-ABDC-4C3B-98EA-6E84AC38F458}.Debug|Any CPU.Build.0 = Debug|Any CPU
		{534C8EFA-ABDC-4C3B-98EA-6E84AC38F458}.Release|Any CPU.ActiveCfg = Release|Any CPU
		{534C8EFA-ABDC-4C3B-98EA-6E84AC38F458}.Release|Any CPU.Build.0 = Release|Any CPU
		{F0A74012-D54B-42AF-9835-81E6CC58B477}.Debug|Any CPU.ActiveCfg = Debug|Any CPU
		{F0A74012-D54B-42AF-9835-81E6CC58B477}.Debug|Any CPU.Build.0 = Debug|Any CPU
		{F0A74012-D54B-42AF-9835-81E6CC58B477}.Release|Any CPU.ActiveCfg = Release|Any CPU
		{F0A74012-D54B-42AF-9835-81E6CC58B477}.Release|Any CPU.Build.0 = Release|Any CPU
		{90D92A86-F9BA-4D0E-9561-24C0266BF827}.Debug|Any CPU.ActiveCfg = Debug|Any CPU
		{90D92A86-F9BA-4D0E-9561-24C0266BF827}.Debug|Any CPU.Build.0 = Debug|Any CPU
		{90D92A86-F9BA-4D0E-9561-24C0266BF827}.Release|Any CPU.ActiveCfg = Release|Any CPU
		{90D92A86-F9BA-4D0E-9561-24C0266BF827}.Release|Any CPU.Build.0 = Release|Any CPU
		{E4E846D9-C31E-46C1-AEB4-55BD4889477E}.Debug|Any CPU.ActiveCfg = Debug|Any CPU
		{E4E846D9-C31E-46C1-AEB4-55BD4889477E}.Debug|Any CPU.Build.0 = Debug|Any CPU
		{E4E846D9-C31E-46C1-AEB4-55BD4889477E}.Release|Any CPU.ActiveCfg = Release|Any CPU
		{E4E846D9-C31E-46C1-AEB4-55BD4889477E}.Release|Any CPU.Build.0 = Release|Any CPU
		{13506716-5283-47B5-A726-DCAA18BB089E}.Debug|Any CPU.ActiveCfg = Debug|Any CPU
		{13506716-5283-47B5-A726-DCAA18BB089E}.Debug|Any CPU.Build.0 = Debug|Any CPU
		{13506716-5283-47B5-A726-DCAA18BB089E}.Release|Any CPU.ActiveCfg = Release|Any CPU
		{13506716-5283-47B5-A726-DCAA18BB089E}.Release|Any CPU.Build.0 = Release|Any CPU
		{888E727A-CD2C-4316-9556-9B9C8202F6B0}.Debug|Any CPU.ActiveCfg = Debug|Any CPU
		{888E727A-CD2C-4316-9556-9B9C8202F6B0}.Debug|Any CPU.Build.0 = Debug|Any CPU
		{888E727A-CD2C-4316-9556-9B9C8202F6B0}.Release|Any CPU.ActiveCfg = Release|Any CPU
		{888E727A-CD2C-4316-9556-9B9C8202F6B0}.Release|Any CPU.Build.0 = Release|Any CPU
	EndGlobalSection
	GlobalSection(SolutionProperties) = preSolution
		HideSolutionNode = FALSE
	EndGlobalSection
	GlobalSection(NestedProjects) = preSolution
		{89B1B504-765E-49E5-9B80-65D9B157D0F7} = {71FD19C3-18C2-4FA5-81C4-D0C6006CFEA2}
		{6E57F040-DF94-4595-9979-3BDA23558B45} = {22D6C39C-B5E1-4927-AA52-B4BB1176413B}
		{632C3D61-E836-4326-BC98-C089780F4B6C} = {5ECCF4EE-DC62-47DD-8390-7EBE820111D7}
		{92C82514-DE60-41FD-96F6-9A81AED0E95F} = {AD00D5D2-B0A7-4374-A9D1-471B68832442}
		{4DCB6B18-E90C-4EE4-AC7B-F3944F751287} = {AD00D5D2-B0A7-4374-A9D1-471B68832442}
		{5E909F94-F111-4FD4-B132-6A4505F77776} = {CE6E2F3D-61CC-4916-B7EA-7EA284810A3F}
		{534C8EFA-ABDC-4C3B-98EA-6E84AC38F458} = {5ECCF4EE-DC62-47DD-8390-7EBE820111D7}
		{F0A74012-D54B-42AF-9835-81E6CC58B477} = {AD00D5D2-B0A7-4374-A9D1-471B68832442}
		{90D92A86-F9BA-4D0E-9561-24C0266BF827} = {CE6E2F3D-61CC-4916-B7EA-7EA284810A3F}
		{E4E846D9-C31E-46C1-AEB4-55BD4889477E} = {71FD19C3-18C2-4FA5-81C4-D0C6006CFEA2}
		{13506716-5283-47B5-A726-DCAA18BB089E} = {71FD19C3-18C2-4FA5-81C4-D0C6006CFEA2}
		{888E727A-CD2C-4316-9556-9B9C8202F6B0} = {5ECCF4EE-DC62-47DD-8390-7EBE820111D7}
	EndGlobalSection
	GlobalSection(ExtensibilityGlobals) = postSolution
		SolutionGuid = {A97CEC78-1CEA-4F25-A508-3C17352E4AE6}
	EndGlobalSection
EndGlobal
